
Microsoft Visual Studio Solution File, Format Version 12.00
# Visual Studio 15
VisualStudioVersion = 15.0.27004.2009
MinimumVisualStudioVersion = 15.0.26124.0
Project("{9A19103F-16F7-4668-BE54-9A1E7A4F7556}") = "PhotosApp", "PhotosApp\PhotosApp.csproj", "{E1C52D19-8582-4801-A144-F61B016E9BD0}"
EndProject
Project("{2150E333-8FDC-42A3-9474-1A3956D46DE8}") = "Solution Items", "Solution Items", "{A8F74D50-7A87-47E3-8114-029EBA39528E}"
	ProjectSection(SolutionItems) = preProject
		Auth.md = Auth.md
	EndProjectSection
EndProject
Project("{FAE04EC0-301F-11D3-BF4B-00C04F79EFBC}") = "IdentityServer", "IdentityServer\IdentityServer.csproj", "{D34A6851-70DC-49A0-BD4B-12C3A607D070}"
EndProject
Project("{FAE04EC0-301F-11D3-BF4B-00C04F79EFBC}") = "PhotosService", "PhotosService\PhotosService.csproj", "{9EFCDA02-89BE-4CC9-B0AD-7DB352BBD5BE}"
EndProject
Global
	GlobalSection(SolutionConfigurationPlatforms) = preSolution
		Debug|Any CPU = Debug|Any CPU
		Debug|x64 = Debug|x64
		Debug|x86 = Debug|x86
		Release|Any CPU = Release|Any CPU
		Release|x64 = Release|x64
		Release|x86 = Release|x86
	EndGlobalSection
	GlobalSection(ProjectConfigurationPlatforms) = postSolution
		{E1C52D19-8582-4801-A144-F61B016E9BD0}.Debug|Any CPU.ActiveCfg = Debug|Any CPU
		{E1C52D19-8582-4801-A144-F61B016E9BD0}.Debug|Any CPU.Build.0 = Debug|Any CPU
		{E1C52D19-8582-4801-A144-F61B016E9BD0}.Debug|x64.ActiveCfg = Debug|Any CPU
		{E1C52D19-8582-4801-A144-F61B016E9BD0}.Debug|x64.Build.0 = Debug|Any CPU
		{E1C52D19-8582-4801-A144-F61B016E9BD0}.Debug|x86.ActiveCfg = Debug|Any CPU
		{E1C52D19-8582-4801-A144-F61B016E9BD0}.Debug|x86.Build.0 = Debug|Any CPU
		{E1C52D19-8582-4801-A144-F61B016E9BD0}.Release|Any CPU.ActiveCfg = Release|Any CPU
		{E1C52D19-8582-4801-A144-F61B016E9BD0}.Release|Any CPU.Build.0 = Release|Any CPU
		{E1C52D19-8582-4801-A144-F61B016E9BD0}.Release|x64.ActiveCfg = Release|Any CPU
		{E1C52D19-8582-4801-A144-F61B016E9BD0}.Release|x64.Build.0 = Release|Any CPU
		{E1C52D19-8582-4801-A144-F61B016E9BD0}.Release|x86.ActiveCfg = Release|Any CPU
		{E1C52D19-8582-4801-A144-F61B016E9BD0}.Release|x86.Build.0 = Release|Any CPU
		{D34A6851-70DC-49A0-BD4B-12C3A607D070}.Debug|Any CPU.ActiveCfg = Debug|Any CPU
		{D34A6851-70DC-49A0-BD4B-12C3A607D070}.Debug|Any CPU.Build.0 = Debug|Any CPU
		{D34A6851-70DC-49A0-BD4B-12C3A607D070}.Debug|x64.ActiveCfg = Debug|Any CPU
		{D34A6851-70DC-49A0-BD4B-12C3A607D070}.Debug|x64.Build.0 = Debug|Any CPU
		{D34A6851-70DC-49A0-BD4B-12C3A607D070}.Debug|x86.ActiveCfg = Debug|Any CPU
		{D34A6851-70DC-49A0-BD4B-12C3A607D070}.Debug|x86.Build.0 = Debug|Any CPU
		{D34A6851-70DC-49A0-BD4B-12C3A607D070}.Release|Any CPU.ActiveCfg = Release|Any CPU
		{D34A6851-70DC-49A0-BD4B-12C3A607D070}.Release|Any CPU.Build.0 = Release|Any CPU
		{D34A6851-70DC-49A0-BD4B-12C3A607D070}.Release|x64.ActiveCfg = Release|Any CPU
		{D34A6851-70DC-49A0-BD4B-12C3A607D070}.Release|x64.Build.0 = Release|Any CPU
		{D34A6851-70DC-49A0-BD4B-12C3A607D070}.Release|x86.ActiveCfg = Release|Any CPU
		{D34A6851-70DC-49A0-BD4B-12C3A607D070}.Release|x86.Build.0 = Release|Any CPU
		{9EFCDA02-89BE-4CC9-B0AD-7DB352BBD5BE}.Debug|Any CPU.ActiveCfg = Debug|Any CPU
		{9EFCDA02-89BE-4CC9-B0AD-7DB352BBD5BE}.Debug|Any CPU.Build.0 = Debug|Any CPU
		{9EFCDA02-89BE-4CC9-B0AD-7DB352BBD5BE}.Debug|x64.ActiveCfg = Debug|Any CPU
		{9EFCDA02-89BE-4CC9-B0AD-7DB352BBD5BE}.Debug|x64.Build.0 = Debug|Any CPU
		{9EFCDA02-89BE-4CC9-B0AD-7DB352BBD5BE}.Debug|x86.ActiveCfg = Debug|Any CPU
		{9EFCDA02-89BE-4CC9-B0AD-7DB352BBD5BE}.Debug|x86.Build.0 = Debug|Any CPU
		{9EFCDA02-89BE-4CC9-B0AD-7DB352BBD5BE}.Release|Any CPU.ActiveCfg = Release|Any CPU
		{9EFCDA02-89BE-4CC9-B0AD-7DB352BBD5BE}.Release|Any CPU.Build.0 = Release|Any CPU
		{9EFCDA02-89BE-4CC9-B0AD-7DB352BBD5BE}.Release|x64.ActiveCfg = Release|Any CPU
		{9EFCDA02-89BE-4CC9-B0AD-7DB352BBD5BE}.Release|x64.Build.0 = Release|Any CPU
		{9EFCDA02-89BE-4CC9-B0AD-7DB352BBD5BE}.Release|x86.ActiveCfg = Release|Any CPU
		{9EFCDA02-89BE-4CC9-B0AD-7DB352BBD5BE}.Release|x86.Build.0 = Release|Any CPU
	EndGlobalSection
	GlobalSection(SolutionProperties) = preSolution
		HideSolutionNode = FALSE
	EndGlobalSection
	GlobalSection(ExtensibilityGlobals) = postSolution
		SolutionGuid = {672CEB0A-8D30-43A5-BF49-8A255CA27564}
	EndGlobalSection
EndGlobal
